
Microsoft Visual Studio Solution File, Format Version 12.00
# Visual Studio Version 18
VisualStudioVersion = 18.0.11018.127 d18.0
MinimumVisualStudioVersion = 10.0.40219.1
Project("{FAE04EC0-301F-11D3-BF4B-00C04F79EFBC}") = "WeatherDocument", "WeatherDocument\WeatherDocument.csproj", "{56B9B348-C407-483E-8DFA-BDEA8BCFFC0E}"
EndProject
Project("{FAE04EC0-301F-11D3-BF4B-00C04F79EFBC}") = "WeatherDocuementUI", "WeatherDocuementUI\WeatherDocuementUI.csproj", "{C507B097-17C9-49C6-A961-F8B153A10BE4}"
EndProject
Project("{FAE04EC0-301F-11D3-BF4B-00C04F79EFBC}") = "WeatherDocumentTests", "WeatherDocumentTests\WeatherDocumentTests.csproj", "{1AECF864-0AC7-4BB4-B9DF-53FD712AC1E7}"
EndProject
Global
	GlobalSection(SolutionConfigurationPlatforms) = preSolution
		Debug|Any CPU = Debug|Any CPU
		Release|Any CPU = Release|Any CPU
	EndGlobalSection
	GlobalSection(ProjectConfigurationPlatforms) = postSolution
		{56B9B348-C407-483E-8DFA-BDEA8BCFFC0E}.Debug|Any CPU.ActiveCfg = Debug|Any CPU
		{56B9B348-C407-483E-8DFA-BDEA8BCFFC0E}.Debug|Any CPU.Build.0 = Debug|Any CPU
		{56B9B348-C407-483E-8DFA-BDEA8BCFFC0E}.Release|Any CPU.ActiveCfg = Release|Any CPU
		{56B9B348-C407-483E-8DFA-BDEA8BCFFC0E}.Release|Any CPU.Build.0 = Release|Any CPU
		{C507B097-17C9-49C6-A961-F8B153A10BE4}.Debug|Any CPU.ActiveCfg = Debug|Any CPU
		{C507B097-17C9-49C6-A961-F8B153A10BE4}.Debug|Any CPU.Build.0 = Debug|Any CPU
		{C507B097-17C9-49C6-A961-F8B153A10BE4}.Release|Any CPU.ActiveCfg = Release|Any CPU
		{C507B097-17C9-49C6-A961-F8B153A10BE4}.Release|Any CPU.Build.0 = Release|Any CPU
		{1AECF864-0AC7-4BB4-B9DF-53FD712AC1E7}.Debug|Any CPU.ActiveCfg = Debug|Any CPU
		{1AECF864-0AC7-4BB4-B9DF-53FD712AC1E7}.Debug|Any CPU.Build.0 = Debug|Any CPU
		{1AECF864-0AC7-4BB4-B9DF-53FD712AC1E7}.Release|Any CPU.ActiveCfg = Release|Any CPU
		{1AECF864-0AC7-4BB4-B9DF-53FD712AC1E7}.Release|Any CPU.Build.0 = Release|Any CPU
	EndGlobalSection
	GlobalSection(SolutionProperties) = preSolution
		HideSolutionNode = FALSE
	EndGlobalSection
	GlobalSection(ExtensibilityGlobals) = postSolution
		SolutionGuid = {43964D4F-BB7D-4B37-A406-442126D2E694}
	EndGlobalSection
EndGlobal
